// !$*UTF8*$!
{
	archiveVersion = 1;
	classes = {
	};
	objectVersion = 55;
	objects = {

/* Begin PBXBuildFile section */
		E1F19B0228D4F82800DFB708 /* AppDelegate.m in Sources */ = {isa = PBXBuildFile; fileRef = E1F19B0128D4F82800DFB708 /* AppDelegate.m */; };
		E1F19B0528D4F82800DFB708 /* SceneDelegate.m in Sources */ = {isa = PBXBuildFile; fileRef = E1F19B0428D4F82800DFB708 /* SceneDelegate.m */; };
		E1F19B0828D4F82800DFB708 /* ViewController.m in Sources */ = {isa = PBXBuildFile; fileRef = E1F19B0728D4F82800DFB708 /* ViewController.m */; };
		E1F19B0B28D4F82800DFB708 /* Main.storyboard in Resources */ = {isa = PBXBuildFile; fileRef = E1F19B0928D4F82800DFB708 /* Main.storyboard */; };
		E1F19B0D28D4F82A00DFB708 /* Assets.xcassets in Resources */ = {isa = PBXBuildFile; fileRef = E1F19B0C28D4F82A00DFB708 /* Assets.xcassets */; };
		E1F19B1028D4F82A00DFB708 /* LaunchScreen.storyboard in Resources */ = {isa = PBXBuildFile; fileRef = E1F19B0E28D4F82A00DFB708 /* LaunchScreen.storyboard */; };
		E1F19B1328D4F82A00DFB708 /* main.m in Sources */ = {isa = PBXBuildFile; fileRef = E1F19B1228D4F82A00DFB708 /* main.m */; };
		E1F19B1D28D4F82A00DFB708 /* elevatorjamTests.m in Sources */ = {isa = PBXBuildFile; fileRef = E1F19B1C28D4F82A00DFB708 /* elevatorjamTests.m */; };
		E1F19B2728D4F82A00DFB708 /* elevatorjamUITests.m in Sources */ = {isa = PBXBuildFile; fileRef = E1F19B2628D4F82A00DFB708 /* elevatorjamUITests.m */; };
		E1F19B2928D4F82A00DFB708 /* elevatorjamUITestsLaunchTests.m in Sources */ = {isa = PBXBuildFile; fileRef = E1F19B2828D4F82A00DFB708 /* elevatorjamUITestsLaunchTests.m */; };
/* End PBXBuildFile section */

/* Begin PBXContainerItemProxy section */
		E1F19B1928D4F82A00DFB708 /* PBXContainerItemProxy */ = {
			isa = PBXContainerItemProxy;
			containerPortal = E1F19AF528D4F82800DFB708 /* Project object */;
			proxyType = 1;
			remoteGlobalIDString = E1F19AFC28D4F82800DFB708;
			remoteInfo = elevatorjam;
		};
		E1F19B2328D4F82A00DFB708 /* PBXContainerItemProxy */ = {
			isa = PBXContainerItemProxy;
			containerPortal = E1F19AF528D4F82800DFB708 /* Project object */;
			proxyType = 1;
			remoteGlobalIDString = E1F19AFC28D4F82800DFB708;
			remoteInfo = elevatorjam;
		};
/* End PBXContainerItemProxy section */

/* Begin PBXFileReference section */
		E1F19AFD28D4F82800DFB708 /* elevatorjam.app */ = {isa = PBXFileReference; explicitFileType = wrapper.application; includeInIndex = 0; path = elevatorjam.app; sourceTree = BUILT_PRODUCTS_DIR; };
		E1F19B0028D4F82800DFB708 /* AppDelegate.h */ = {isa = PBXFileReference; lastKnownFileType = sourcecode.c.h; path = AppDelegate.h; sourceTree = "<group>"; };
		E1F19B0128D4F82800DFB708 /* AppDelegate.m */ = {isa = PBXFileReference; lastKnownFileType = sourcecode.c.objc; path = AppDelegate.m; sourceTree = "<group>"; };
		E1F19B0328D4F82800DFB708 /* SceneDelegate.h */ = {isa = PBXFileReference; lastKnownFileType = sourcecode.c.h; path = SceneDelegate.h; sourceTree = "<group>"; };
		E1F19B0428D4F82800DFB708 /* SceneDelegate.m */ = {isa = PBXFileReference; lastKnownFileType = sourcecode.c.objc; path = SceneDelegate.m; sourceTree = "<group>"; };
		E1F19B0628D4F82800DFB708 /* ViewController.h */ = {isa = PBXFileReference; lastKnownFileType = sourcecode.c.h; path = ViewController.h; sourceTree = "<group>"; };
		E1F19B0728D4F82800DFB708 /* ViewController.m */ = {isa = PBXFileReference; lastKnownFileType = sourcecode.c.objc; path = ViewController.m; sourceTree = "<group>"; };
		E1F19B0A28D4F82800DFB708 /* Base */ = {isa = PBXFileReference; lastKnownFileType = file.storyboard; name = Base; path = Base.lproj/Main.storyboard; sourceTree = "<group>"; };
		E1F19B0C28D4F82A00DFB708 /* Assets.xcassets */ = {isa = PBXFileReference; lastKnownFileType = folder.assetcatalog; path = Assets.xcassets; sourceTree = "<group>"; };
		E1F19B0F28D4F82A00DFB708 /* Base */ = {isa = PBXFileReference; lastKnownFileType = file.storyboard; name = Base; path = Base.lproj/LaunchScreen.storyboard; sourceTree = "<group>"; };
		E1F19B1128D4F82A00DFB708 /* Info.plist */ = {isa = PBXFileReference; lastKnownFileType = text.plist.xml; path = Info.plist; sourceTree = "<group>"; };
		E1F19B1228D4F82A00DFB708 /* main.m */ = {isa = PBXFileReference; lastKnownFileType = sourcecode.c.objc; path = main.m; sourceTree = "<group>"; };
		E1F19B1828D4F82A00DFB708 /* elevatorjamTests.xctest */ = {isa = PBXFileReference; explicitFileType = wrapper.cfbundle; includeInIndex = 0; path = elevatorjamTests.xctest; sourceTree = BUILT_PRODUCTS_DIR; };
		E1F19B1C28D4F82A00DFB708 /* elevatorjamTests.m */ = {isa = PBXFileReference; lastKnownFileType = sourcecode.c.objc; path = elevatorjamTests.m; sourceTree = "<group>"; };
		E1F19B2228D4F82A00DFB708 /* elevatorjamUITests.xctest */ = {isa = PBXFileReference; explicitFileType = wrapper.cfbundle; includeInIndex = 0; path = elevatorjamUITests.xctest; sourceTree = BUILT_PRODUCTS_DIR; };
		E1F19B2628D4F82A00DFB708 /* elevatorjamUITests.m */ = {isa = PBXFileReference; lastKnownFileType = sourcecode.c.objc; path = elevatorjamUITests.m; sourceTree = "<group>"; };
		E1F19B2828D4F82A00DFB708 /* elevatorjamUITestsLaunchTests.m */ = {isa = PBXFileReference; lastKnownFileType = sourcecode.c.objc; path = elevatorjamUITestsLaunchTests.m; sourceTree = "<group>"; };
/* End PBXFileReference section */

/* Begin PBXFrameworksBuildPhase section */
		E1F19AFA28D4F82800DFB708 /* Frameworks */ = {
			isa = PBXFrameworksBuildPhase;
			buildActionMask = 2147483647;
			files = (
			);
			runOnlyForDeploymentPostprocessing = 0;
		};
		E1F19B1528D4F82A00DFB708 /* Frameworks */ = {
			isa = PBXFrameworksBuildPhase;
			buildActionMask = 2147483647;
			files = (
			);
			runOnlyForDeploymentPostprocessing = 0;
		};
		E1F19B1F28D4F82A00DFB708 /* Frameworks */ = {
			isa = PBXFrameworksBuildPhase;
			buildActionMask = 2147483647;
			files = (
			);
			runOnlyForDeploymentPostprocessing = 0;
		};
/* End PBXFrameworksBuildPhase section */

/* Begin PBXGroup section */
		E1F19AF428D4F82800DFB708 = {
			isa = PBXGroup;
			children = (
				E1F19AFF28D4F82800DFB708 /* elevatorjam */,
				E1F19B1B28D4F82A00DFB708 /* elevatorjamTests */,
				E1F19B2528D4F82A00DFB708 /* elevatorjamUITests */,
				E1F19AFE28D4F82800DFB708 /* Products */,
			);
			sourceTree = "<group>";
		};
		E1F19AFE28D4F82800DFB708 /* Products */ = {
			isa = PBXGroup;
			children = (
				E1F19AFD28D4F82800DFB708 /* elevatorjam.app */,
				E1F19B1828D4F82A00DFB708 /* elevatorjamTests.xctest */,
				E1F19B2228D4F82A00DFB708 /* elevatorjamUITests.xctest */,
			);
			name = Products;
			sourceTree = "<group>";
		};
		E1F19AFF28D4F82800DFB708 /* elevatorjam */ = {
			isa = PBXGroup;
			children = (
				E1F19B0028D4F82800DFB708 /* AppDelegate.h */,
				E1F19B0128D4F82800DFB708 /* AppDelegate.m */,
				E1F19B0328D4F82800DFB708 /* SceneDelegate.h */,
				E1F19B0428D4F82800DFB708 /* SceneDelegate.m */,
				E1F19B0628D4F82800DFB708 /* ViewController.h */,
				E1F19B0728D4F82800DFB708 /* ViewController.m */,
				E1F19B0928D4F82800DFB708 /* Main.storyboard */,
				E1F19B0C28D4F82A00DFB708 /* Assets.xcassets */,
				E1F19B0E28D4F82A00DFB708 /* LaunchScreen.storyboard */,
				E1F19B1128D4F82A00DFB708 /* Info.plist */,
				E1F19B1228D4F82A00DFB708 /* main.m */,
			);
			path = elevatorjam;
			sourceTree = "<group>";
		};
		E1F19B1B28D4F82A00DFB708 /* elevatorjamTests */ = {
			isa = PBXGroup;
			children = (
				E1F19B1C28D4F82A00DFB708 /* elevatorjamTests.m */,
			);
			path = elevatorjamTests;
			sourceTree = "<group>";
		};
		E1F19B2528D4F82A00DFB708 /* elevatorjamUITests */ = {
			isa = PBXGroup;
			children = (
				E1F19B2628D4F82A00DFB708 /* elevatorjamUITests.m */,
				E1F19B2828D4F82A00DFB708 /* elevatorjamUITestsLaunchTests.m */,
			);
			path = elevatorjamUITests;
			sourceTree = "<group>";
		};
/* End PBXGroup section */

/* Begin PBXNativeTarget section */
		E1F19AFC28D4F82800DFB708 /* elevatorjam */ = {
			isa = PBXNativeTarget;
			buildConfigurationList = E1F19B2C28D4F82A00DFB708 /* Build configuration list for PBXNativeTarget "elevatorjam" */;
			buildPhases = (
				E1F19AF928D4F82800DFB708 /* Sources */,
				E1F19AFA28D4F82800DFB708 /* Frameworks */,
				E1F19AFB28D4F82800DFB708 /* Resources */,
			);
			buildRules = (
			);
			dependencies = (
			);
			name = elevatorjam;
			productName = elevatorjam;
			productReference = E1F19AFD28D4F82800DFB708 /* elevatorjam.app */;
			productType = "com.apple.product-type.application";
		};
		E1F19B1728D4F82A00DFB708 /* elevatorjamTests */ = {
			isa = PBXNativeTarget;
			buildConfigurationList = E1F19B2F28D4F82A00DFB708 /* Build configuration list for PBXNativeTarget "elevatorjamTests" */;
			buildPhases = (
				E1F19B1428D4F82A00DFB708 /* Sources */,
				E1F19B1528D4F82A00DFB708 /* Frameworks */,
				E1F19B1628D4F82A00DFB708 /* Resources */,
			);
			buildRules = (
			);
			dependencies = (
				E1F19B1A28D4F82A00DFB708 /* PBXTargetDependency */,
			);
			name = elevatorjamTests;
			productName = elevatorjamTests;
			productReference = E1F19B1828D4F82A00DFB708 /* elevatorjamTests.xctest */;
			productType = "com.apple.product-type.bundle.unit-test";
		};
		E1F19B2128D4F82A00DFB708 /* elevatorjamUITests */ = {
			isa = PBXNativeTarget;
			buildConfigurationList = E1F19B3228D4F82A00DFB708 /* Build configuration list for PBXNativeTarget "elevatorjamUITests" */;
			buildPhases = (
				E1F19B1E28D4F82A00DFB708 /* Sources */,
				E1F19B1F28D4F82A00DFB708 /* Frameworks */,
				E1F19B2028D4F82A00DFB708 /* Resources */,
			);
			buildRules = (
			);
			dependencies = (
				E1F19B2428D4F82A00DFB708 /* PBXTargetDependency */,
			);
			name = elevatorjamUITests;
			productName = elevatorjamUITests;
			productReference = E1F19B2228D4F82A00DFB708 /* elevatorjamUITests.xctest */;
			productType = "com.apple.product-type.bundle.ui-testing";
		};
/* End PBXNativeTarget section */

/* Begin PBXProject section */
		E1F19AF528D4F82800DFB708 /* Project object */ = {
			isa = PBXProject;
			attributes = {
				BuildIndependentTargetsInParallel = 1;
				LastUpgradeCheck = 1340;
				TargetAttributes = {
					E1F19AFC28D4F82800DFB708 = {
						CreatedOnToolsVersion = 13.4.1;
					};
					E1F19B1728D4F82A00DFB708 = {
						CreatedOnToolsVersion = 13.4.1;
						TestTargetID = E1F19AFC28D4F82800DFB708;
					};
					E1F19B2128D4F82A00DFB708 = {
						CreatedOnToolsVersion = 13.4.1;
						TestTargetID = E1F19AFC28D4F82800DFB708;
					};
				};
			};
			buildConfigurationList = E1F19AF828D4F82800DFB708 /* Build configuration list for PBXProject "elevatorjam" */;
			compatibilityVersion = "Xcode 13.0";
			developmentRegion = en;
			hasScannedForEncodings = 0;
			knownRegions = (
				en,
				Base,
			);
			mainGroup = E1F19AF428D4F82800DFB708;
			productRefGroup = E1F19AFE28D4F82800DFB708 /* Products */;
			projectDirPath = "";
			projectRoot = "";
			targets = (
				E1F19AFC28D4F82800DFB708 /* elevatorjam */,
				E1F19B1728D4F82A00DFB708 /* elevatorjamTests */,
				E1F19B2128D4F82A00DFB708 /* elevatorjamUITests */,
			);
		};
/* End PBXProject section */

/* Begin PBXResourcesBuildPhase section */
		E1F19AFB28D4F82800DFB708 /* Resources */ = {
			isa = PBXResourcesBuildPhase;
			buildActionMask = 2147483647;
			files = (
				E1F19B1028D4F82A00DFB708 /* LaunchScreen.storyboard in Resources */,
				E1F19B0D28D4F82A00DFB708 /* Assets.xcassets in Resources */,
				E1F19B0B28D4F82800DFB708 /* Main.storyboard in Resources */,
			);
			runOnlyForDeploymentPostprocessing = 0;
		};
		E1F19B1628D4F82A00DFB708 /* Resources */ = {
			isa = PBXResourcesBuildPhase;
			buildActionMask = 2147483647;
			files = (
			);
			runOnlyForDeploymentPostprocessing = 0;
		};
		E1F19B2028D4F82A00DFB708 /* Resources */ = {
			isa = PBXResourcesBuildPhase;
			buildActionMask = 2147483647;
			files = (
			);
			runOnlyForDeploymentPostprocessing = 0;
		};
/* End PBXResourcesBuildPhase section */

/* Begin PBXSourcesBuildPhase section */
		E1F19AF928D4F82800DFB708 /* Sources */ = {
			isa = PBXSourcesBuildPhase;
			buildActionMask = 2147483647;
			files = (
				E1F19B0828D4F82800DFB708 /* ViewController.m in Sources */,
				E1F19B0228D4F82800DFB708 /* AppDelegate.m in Sources */,
				E1F19B1328D4F82A00DFB708 /* main.m in Sources */,
				E1F19B0528D4F82800DFB708 /* SceneDelegate.m in Sources */,
			);
			runOnlyForDeploymentPostprocessing = 0;
		};
		E1F19B1428D4F82A00DFB708 /* Sources */ = {
			isa = PBXSourcesBuildPhase;
			buildActionMask = 2147483647;
			files = (
				E1F19B1D28D4F82A00DFB708 /* elevatorjamTests.m in Sources */,
			);
			runOnlyForDeploymentPostprocessing = 0;
		};
		E1F19B1E28D4F82A00DFB708 /* Sources */ = {
			isa = PBXSourcesBuildPhase;
			buildActionMask = 2147483647;
			files = (
				E1F19B2728D4F82A00DFB708 /* elevatorjamUITests.m in Sources */,
				E1F19B2928D4F82A00DFB708 /* elevatorjamUITestsLaunchTests.m in Sources */,
			);
			runOnlyForDeploymentPostprocessing = 0;
		};
/* End PBXSourcesBuildPhase section */

/* Begin PBXTargetDependency section */
		E1F19B1A28D4F82A00DFB708 /* PBXTargetDependency */ = {
			isa = PBXTargetDependency;
			target = E1F19AFC28D4F82800DFB708 /* elevatorjam */;
			targetProxy = E1F19B1928D4F82A00DFB708 /* PBXContainerItemProxy */;
		};
		E1F19B2428D4F82A00DFB708 /* PBXTargetDependency */ = {
			isa = PBXTargetDependency;
			target = E1F19AFC28D4F82800DFB708 /* elevatorjam */;
			targetProxy = E1F19B2328D4F82A00DFB708 /* PBXContainerItemProxy */;
		};
/* End PBXTargetDependency section */

/* Begin PBXVariantGroup section */
		E1F19B0928D4F82800DFB708 /* Main.storyboard */ = {
			isa = PBXVariantGroup;
			children = (
				E1F19B0A28D4F82800DFB708 /* Base */,
			);
			name = Main.storyboard;
			sourceTree = "<group>";
		};
		E1F19B0E28D4F82A00DFB708 /* LaunchScreen.storyboard */ = {
			isa = PBXVariantGroup;
			children = (
				E1F19B0F28D4F82A00DFB708 /* Base */,
			);
			name = LaunchScreen.storyboard;
			sourceTree = "<group>";
		};
/* End PBXVariantGroup section */

/* Begin XCBuildConfiguration section */
		E1F19B2A28D4F82A00DFB708 /* Debug */ = {
			isa = XCBuildConfiguration;
			buildSettings = {
				ALWAYS_SEARCH_USER_PATHS = NO;
				CLANG_ANALYZER_NONNULL = YES;
				CLANG_ANALYZER_NUMBER_OBJECT_CONVERSION = YES_AGGRESSIVE;
				CLANG_CXX_LANGUAGE_STANDARD = "gnu++17";
				CLANG_ENABLE_MODULES = YES;
				CLANG_ENABLE_OBJC_ARC = YES;
				CLANG_ENABLE_OBJC_WEAK = YES;
				CLANG_WARN_BLOCK_CAPTURE_AUTORELEASING = YES;
				CLANG_WARN_BOOL_CONVERSION = YES;
				CLANG_WARN_COMMA = YES;
				CLANG_WARN_CONSTANT_CONVERSION = YES;
				CLANG_WARN_DEPRECATED_OBJC_IMPLEMENTATIONS = YES;
				CLANG_WARN_DIRECT_OBJC_ISA_USAGE = YES_ERROR;
				CLANG_WARN_DOCUMENTATION_COMMENTS = YES;
				CLANG_WARN_EMPTY_BODY = YES;
				CLANG_WARN_ENUM_CONVERSION = YES;
				CLANG_WARN_INFINITE_RECURSION = YES;
				CLANG_WARN_INT_CONVERSION = YES;
				CLANG_WARN_NON_LITERAL_NULL_CONVERSION = YES;
				CLANG_WARN_OBJC_IMPLICIT_RETAIN_SELF = YES;
				CLANG_WARN_OBJC_LITERAL_CONVERSION = YES;
				CLANG_WARN_OBJC_ROOT_CLASS = YES_ERROR;
				CLANG_WARN_QUOTED_INCLUDE_IN_FRAMEWORK_HEADER = YES;
				CLANG_WARN_RANGE_LOOP_ANALYSIS = YES;
				CLANG_WARN_STRICT_PROTOTYPES = YES;
				CLANG_WARN_SUSPICIOUS_MOVE = YES;
				CLANG_WARN_UNGUARDED_AVAILABILITY = YES_AGGRESSIVE;
				CLANG_WARN_UNREACHABLE_CODE = YES;
				CLANG_WARN__DUPLICATE_METHOD_MATCH = YES;
				COPY_PHASE_STRIP = NO;
				DEBUG_INFORMATION_FORMAT = dwarf;
				ENABLE_STRICT_OBJC_MSGSEND = YES;
				ENABLE_TESTABILITY = YES;
				GCC_C_LANGUAGE_STANDARD = gnu11;
				GCC_DYNAMIC_NO_PIC = NO;
				GCC_NO_COMMON_BLOCKS = YES;
				GCC_OPTIMIZATION_LEVEL = 0;
				GCC_PREPROCESSOR_DEFINITIONS = (
					"DEBUG=1",
					"$(inherited)",
				);
				GCC_WARN_64_TO_32_BIT_CONVERSION = YES;
				GCC_WARN_ABOUT_RETURN_TYPE = YES_ERROR;
				GCC_WARN_UNDECLARED_SELECTOR = YES;
				GCC_WARN_UNINITIALIZED_AUTOS = YES_AGGRESSIVE;
				GCC_WARN_UNUSED_FUNCTION = YES;
				GCC_WARN_UNUSED_VARIABLE = YES;
				IPHONEOS_DEPLOYMENT_TARGET = 15.5;
				MTL_ENABLE_DEBUG_INFO = INCLUDE_SOURCE;
				MTL_FAST_MATH = YES;
				ONLY_ACTIVE_ARCH = YES;
				SDKROOT = iphoneos;
			};
			name = Debug;
		};
		E1F19B2B28D4F82A00DFB708 /* Release */ = {
			isa = XCBuildConfiguration;
			buildSettings = {
				ALWAYS_SEARCH_USER_PATHS = NO;
				CLANG_ANALYZER_NONNULL = YES;
				CLANG_ANALYZER_NUMBER_OBJECT_CONVERSION = YES_AGGRESSIVE;
				CLANG_CXX_LANGUAGE_STANDARD = "gnu++17";
				CLANG_ENABLE_MODULES = YES;
				CLANG_ENABLE_OBJC_ARC = YES;
				CLANG_ENABLE_OBJC_WEAK = YES;
				CLANG_WARN_BLOCK_CAPTURE_AUTORELEASING = YES;
				CLANG_WARN_BOOL_CONVERSION = YES;
				CLANG_WARN_COMMA = YES;
				CLANG_WARN_CONSTANT_CONVERSION = YES;
				CLANG_WARN_DEPRECATED_OBJC_IMPLEMENTATIONS = YES;
				CLANG_WARN_DIRECT_OBJC_ISA_USAGE = YES_ERROR;
				CLANG_WARN_DOCUMENTATION_COMMENTS = YES;
				CLANG_WARN_EMPTY_BODY = YES;
				CLANG_WARN_ENUM_CONVERSION = YES;
				CLANG_WARN_INFINITE_RECURSION = YES;
				CLANG_WARN_INT_CONVERSION = YES;
				CLANG_WARN_NON_LITERAL_NULL_CONVERSION = YES;
				CLANG_WARN_OBJC_IMPLICIT_RETAIN_SELF = YES;
				CLANG_WARN_OBJC_LITERAL_CONVERSION = YES;
				CLANG_WARN_OBJC_ROOT_CLASS = YES_ERROR;
				CLANG_WARN_QUOTED_INCLUDE_IN_FRAMEWORK_HEADER = YES;
				CLANG_WARN_RANGE_LOOP_ANALYSIS = YES;
				CLANG_WARN_STRICT_PROTOTYPES = YES;
				CLANG_WARN_SUSPICIOUS_MOVE = YES;
				CLANG_WARN_UNGUARDED_AVAILABILITY = YES_AGGRESSIVE;
				CLANG_WARN_UNREACHABLE_CODE = YES;
				CLANG_WARN__DUPLICATE_METHOD_MATCH = YES;
				COPY_PHASE_STRIP = NO;
				DEBUG_INFORMATION_FORMAT = "dwarf-with-dsym";
				ENABLE_NS_ASSERTIONS = NO;
				ENABLE_STRICT_OBJC_MSGSEND = YES;
				GCC_C_LANGUAGE_STANDARD = gnu11;
				GCC_NO_COMMON_BLOCKS = YES;
				GCC_WARN_64_TO_32_BIT_CONVERSION = YES;
				GCC_WARN_ABOUT_RETURN_TYPE = YES_ERROR;
				GCC_WARN_UNDECLARED_SELECTOR = YES;
				GCC_WARN_UNINITIALIZED_AUTOS = YES_AGGRESSIVE;
				GCC_WARN_UNUSED_FUNCTION = YES;
				GCC_WARN_UNUSED_VARIABLE = YES;
				IPHONEOS_DEPLOYMENT_TARGET = 15.5;
				MTL_ENABLE_DEBUG_INFO = NO;
				MTL_FAST_MATH = YES;
				SDKROOT = iphoneos;
				VALIDATE_PRODUCT = YES;
			};
			name = Release;
		};
		E1F19B2D28D4F82A00DFB708 /* Debug */ = {
			isa = XCBuildConfiguration;
			buildSettings = {
				ASSETCATALOG_COMPILER_APPICON_NAME = AppIcon;
				ASSETCATALOG_COMPILER_GLOBAL_ACCENT_COLOR_NAME = AccentColor;
				CODE_SIGN_STYLE = Automatic;
				CURRENT_PROJECT_VERSION = 1;
				DEVELOPMENT_TEAM = 3J7A7NHXN3;
				GENERATE_INFOPLIST_FILE = YES;
				INFOPLIST_FILE = elevatorjam/Info.plist;
				INFOPLIST_KEY_CFBundleDisplayName = "Elevator Jam 🎵";
				INFOPLIST_KEY_UIApplicationSupportsIndirectInputEvents = YES;
				INFOPLIST_KEY_UILaunchStoryboardName = LaunchScreen;
				INFOPLIST_KEY_UIMainStoryboardFile = Main;
				INFOPLIST_KEY_UISupportedInterfaceOrientations_iPad = "UIInterfaceOrientationPortrait UIInterfaceOrientationPortraitUpsideDown UIInterfaceOrientationLandscapeLeft UIInterfaceOrientationLandscapeRight";
				INFOPLIST_KEY_UISupportedInterfaceOrientations_iPhone = "UIInterfaceOrientationPortrait UIInterfaceOrientationLandscapeLeft UIInterfaceOrientationLandscapeRight";
				LD_RUNPATH_SEARCH_PATHS = (
					"$(inherited)",
					"@executable_path/Frameworks",
				);
				MARKETING_VERSION = 1.0;
				PRODUCT_BUNDLE_IDENTIFIER = ej.elevatorjam;
				PRODUCT_NAME = "$(TARGET_NAME)";
				SWIFT_EMIT_LOC_STRINGS = YES;
				TARGETED_DEVICE_FAMILY = "1,2";
			};
			name = Debug;
		};
		E1F19B2E28D4F82A00DFB708 /* Release */ = {
			isa = XCBuildConfiguration;
			buildSettings = {
				ASSETCATALOG_COMPILER_APPICON_NAME = AppIcon;
				ASSETCATALOG_COMPILER_GLOBAL_ACCENT_COLOR_NAME = AccentColor;
				CODE_SIGN_STYLE = Automatic;
				CURRENT_PROJECT_VERSION = 1;
				DEVELOPMENT_TEAM = 3J7A7NHXN3;
				GENERATE_INFOPLIST_FILE = YES;
				INFOPLIST_FILE = elevatorjam/Info.plist;
				INFOPLIST_KEY_CFBundleDisplayName = "Elevator Jam 🎵";
				INFOPLIST_KEY_UIApplicationSupportsIndirectInputEvents = YES;
				INFOPLIST_KEY_UILaunchStoryboardName = LaunchScreen;
				INFOPLIST_KEY_UIMainStoryboardFile = Main;
				INFOPLIST_KEY_UISupportedInterfaceOrientations_iPad = "UIInterfaceOrientationPortrait UIInterfaceOrientationPortraitUpsideDown UIInterfaceOrientationLandscapeLeft UIInterfaceOrientationLandscapeRight";
				INFOPLIST_KEY_UISupportedInterfaceOrientations_iPhone = "UIInterfaceOrientationPortrait UIInterfaceOrientationLandscapeLeft UIInterfaceOrientationLandscapeRight";
				LD_RUNPATH_SEARCH_PATHS = (
					"$(inherited)",
					"@executable_path/Frameworks",
				);
				MARKETING_VERSION = 1.0;
				PRODUCT_BUNDLE_IDENTIFIER = ej.elevatorjam;
				PRODUCT_NAME = "$(TARGET_NAME)";
				SWIFT_EMIT_LOC_STRINGS = YES;
				TARGETED_DEVICE_FAMILY = "1,2";
			};
			name = Release;
		};
		E1F19B3028D4F82A00DFB708 /* Debug */ = {
			isa = XCBuildConfiguration;
			buildSettings = {
				BUNDLE_LOADER = "$(TEST_HOST)";
				CODE_SIGN_STYLE = Automatic;
				CURRENT_PROJECT_VERSION = 1;
				DEVELOPMENT_TEAM = 3J7A7NHXN3;
				GENERATE_INFOPLIST_FILE = YES;
				IPHONEOS_DEPLOYMENT_TARGET = 15.5;
				MARKETING_VERSION = 1.0;
				PRODUCT_BUNDLE_IDENTIFIER = ej.elevatorjamTests;
				PRODUCT_NAME = "$(TARGET_NAME)";
				SWIFT_EMIT_LOC_STRINGS = NO;
				TARGETED_DEVICE_FAMILY = "1,2";
				TEST_HOST = "$(BUILT_PRODUCTS_DIR)/elevatorjam.app/elevatorjam";
			};
			name = Debug;
		};
		E1F19B3128D4F82A00DFB708 /* Release */ = {
			isa = XCBuildConfiguration;
			buildSettings = {
				BUNDLE_LOADER = "$(TEST_HOST)";
				CODE_SIGN_STYLE = Automatic;
				CURRENT_PROJECT_VERSION = 1;
				DEVELOPMENT_TEAM = 3J7A7NHXN3;
				GENERATE_INFOPLIST_FILE = YES;
				IPHONEOS_DEPLOYMENT_TARGET = 15.5;
				MARKETING_VERSION = 1.0;
				PRODUCT_BUNDLE_IDENTIFIER = ej.elevatorjamTests;
				PRODUCT_NAME = "$(TARGET_NAME)";
				SWIFT_EMIT_LOC_STRINGS = NO;
				TARGETED_DEVICE_FAMILY = "1,2";
				TEST_HOST = "$(BUILT_PRODUCTS_DIR)/elevatorjam.app/elevatorjam";
			};
			name = Release;
		};
		E1F19B3328D4F82A00DFB708 /* Debug */ = {
			isa = XCBuildConfiguration;
			buildSettings = {
				CODE_SIGN_STYLE = Automatic;
				CURRENT_PROJECT_VERSION = 1;
				DEVELOPMENT_TEAM = 3J7A7NHXN3;
				GENERATE_INFOPLIST_FILE = YES;
				MARKETING_VERSION = 1.0;
				PRODUCT_BUNDLE_IDENTIFIER = ej.elevatorjamUITests;
				PRODUCT_NAME = "$(TARGET_NAME)";
				SWIFT_EMIT_LOC_STRINGS = NO;
				TARGETED_DEVICE_FAMILY = "1,2";
				TEST_TARGET_NAME = elevatorjam;
			};
			name = Debug;
		};
		E1F19B3428D4F82A00DFB708 /* Release */ = {
			isa = XCBuildConfiguration;
			buildSettings = {
				CODE_SIGN_STYLE = Automatic;
				CURRENT_PROJECT_VERSION = 1;
				DEVELOPMENT_TEAM = 3J7A7NHXN3;
				GENERATE_INFOPLIST_FILE = YES;
				MARKETING_VERSION = 1.0;
				PRODUCT_BUNDLE_IDENTIFIER = ej.elevatorjamUITests;
				PRODUCT_NAME = "$(TARGET_NAME)";
				SWIFT_EMIT_LOC_STRINGS = NO;
				TARGETED_DEVICE_FAMILY = "1,2";
				TEST_TARGET_NAME = elevatorjam;
			};
			name = Release;
		};
/* End XCBuildConfiguration section */

/* Begin XCConfigurationList section */
		E1F19AF828D4F82800DFB708 /* Build configuration list for PBXProject "elevatorjam" */ = {
			isa = XCConfigurationList;
			buildConfigurations = (
				E1F19B2A28D4F82A00DFB708 /* Debug */,
				E1F19B2B28D4F82A00DFB708 /* Release */,
			);
			defaultConfigurationIsVisible = 0;
			defaultConfigurationName = Release;
		};
		E1F19B2C28D4F82A00DFB708 /* Build configuration list for PBXNativeTarget "elevatorjam" */ = {
			isa = XCConfigurationList;
			buildConfigurations = (
				E1F19B2D28D4F82A00DFB708 /* Debug */,
				E1F19B2E28D4F82A00DFB708 /* Release */,
			);
			defaultConfigurationIsVisible = 0;
			defaultConfigurationName = Release;
		};
		E1F19B2F28D4F82A00DFB708 /* Build configuration list for PBXNativeTarget "elevatorjamTests" */ = {
			isa = XCConfigurationList;
			buildConfigurations = (
				E1F19B3028D4F82A00DFB708 /* Debug */,
				E1F19B3128D4F82A00DFB708 /* Release */,
			);
			defaultConfigurationIsVisible = 0;
			defaultConfigurationName = Release;
		};
		E1F19B3228D4F82A00DFB708 /* Build configuration list for PBXNativeTarget "elevatorjamUITests" */ = {
			isa = XCConfigurationList;
			buildConfigurations = (
				E1F19B3328D4F82A00DFB708 /* Debug */,
				E1F19B3428D4F82A00DFB708 /* Release */,
			);
			defaultConfigurationIsVisible = 0;
			defaultConfigurationName = Release;
		};
/* End XCConfigurationList section */
	};
	rootObject = E1F19AF528D4F82800DFB708 /* Project object */;
}
